
Microsoft Visual Studio Solution File, Format Version 12.00
# Visual Studio Version 17
VisualStudioVersion = 17.11.35312.102
MinimumVisualStudioVersion = 10.0.40219.1
Project("{FAE04EC0-301F-11D3-BF4B-00C04F79EFBC}") = "ConsoleApp3", "ConsoleApp3\ConsoleApp3.csproj", "{3EC11892-3FDB-4BBB-A683-3F9B3F847E3D}"
EndProject
Global
	GlobalSection(SolutionConfigurationPlatforms) = preSolution
		Debug|Any CPU = Debug|Any CPU
		Release|Any CPU = Release|Any CPU
	EndGlobalSection
	GlobalSection(ProjectConfigurationPlatforms) = postSolution
		{3EC11892-3FDB-4BBB-A683-3F9B3F847E3D}.Debug|Any CPU.ActiveCfg = Debug|Any CPU
		{3EC11892-3FDB-4BBB-A683-3F9B3F847E3D}.Debug|Any CPU.Build.0 = Debug|Any CPU
		{3EC11892-3FDB-4BBB-A683-3F9B3F847E3D}.Release|Any CPU.ActiveCfg = Release|Any CPU
		{3EC11892-3FDB-4BBB-A683-3F9B3F847E3D}.Release|Any CPU.Build.0 = Release|Any CPU
	EndGlobalSection
	GlobalSection(SolutionProperties) = preSolution
		HideSolutionNode = FALSE
	EndGlobalSection
	GlobalSection(ExtensibilityGlobals) = postSolution
		SolutionGuid = {E9BE5519-DB10-4AA8-8DC8-8333995FE76D}
	EndGlobalSection
EndGlobal
